
Microsoft Visual Studio Solution File, Format Version 12.00
# Visual Studio Version 16
VisualStudioVersion = 16.0.29009.5
MinimumVisualStudioVersion = 10.0.40219.1
Project("{FAE04EC0-301F-11D3-BF4B-00C04F79EFBC}") = "PayPalIPNProcessor", "PayPalIPNProcessor\PayPalIPNProcessor.csproj", "{79CC568A-B971-4BBB-BD8E-621B921B5905}"
EndProject
Project("{FAE04EC0-301F-11D3-BF4B-00C04F79EFBC}") = "PayPalIPNProcessorSample", "PayPalIPNProcessorSample\PayPalIPNProcessorSample.csproj", "{FB7E1BD9-BF5B-4944-8345-5775C0599571}"
EndProject
Global
	GlobalSection(SolutionConfigurationPlatforms) = preSolution
		Debug|Any CPU = Debug|Any CPU
		Release|Any CPU = Release|Any CPU
	EndGlobalSection
	GlobalSection(ProjectConfigurationPlatforms) = postSolution
		{79CC568A-B971-4BBB-BD8E-621B921B5905}.Debug|Any CPU.ActiveCfg = Debug|Any CPU
		{79CC568A-B971-4BBB-BD8E-621B921B5905}.Debug|Any CPU.Build.0 = Debug|Any CPU
		{79CC568A-B971-4BBB-BD8E-621B921B5905}.Release|Any CPU.ActiveCfg = Release|Any CPU
		{79CC568A-B971-4BBB-BD8E-621B921B5905}.Release|Any CPU.Build.0 = Release|Any CPU
		{FB7E1BD9-BF5B-4944-8345-5775C0599571}.Debug|Any CPU.ActiveCfg = Debug|Any CPU
		{FB7E1BD9-BF5B-4944-8345-5775C0599571}.Debug|Any CPU.Build.0 = Debug|Any CPU
		{FB7E1BD9-BF5B-4944-8345-5775C0599571}.Release|Any CPU.ActiveCfg = Release|Any CPU
		{FB7E1BD9-BF5B-4944-8345-5775C0599571}.Release|Any CPU.Build.0 = Release|Any CPU
	EndGlobalSection
	GlobalSection(SolutionProperties) = preSolution
		HideSolutionNode = FALSE
	EndGlobalSection
	GlobalSection(ExtensibilityGlobals) = postSolution
		SolutionGuid = {21DC0ECC-46A2-45EE-A194-557234E80607}
	EndGlobalSection
EndGlobal
